{
  "name": "Chocko-Factory",
  "version": "1.0.0",
  "lockfileVersion": 1,
  "requires": true,
  "dependencies": {
    "hover": {
      "version": "3.0.0-alpha.6",
      "resolved": "https://registry.npmjs.org/hover/-/hover-3.0.0-alpha.6.tgz",
      "integrity": "sha1-nN4Y+EHZZ0ZBCbG65G/Y7qgTaWU="
    }
  }
}
